
Microsoft Visual Studio Solution File, Format Version 12.00
# Visual Studio Version 16
VisualStudioVersion = 16.0.30907.101
MinimumVisualStudioVersion = 10.0.40219.1
Project("{FAE04EC0-301F-11D3-BF4B-00C04F79EFBC}") = "Match3", "Match3\Match3.csproj", "{12BFA685-99C4-4CC2-B58C-9AA15F6DF92B}"
EndProject
Global
	GlobalSection(SolutionConfigurationPlatforms) = preSolution
		Debug|Any CPU = Debug|Any CPU
		Release|Any CPU = Release|Any CPU
	EndGlobalSection
	GlobalSection(ProjectConfigurationPlatforms) = postSolution
		{12BFA685-99C4-4CC2-B58C-9AA15F6DF92B}.Debug|Any CPU.ActiveCfg = Debug|Any CPU
		{12BFA685-99C4-4CC2-B58C-9AA15F6DF92B}.Debug|Any CPU.Build.0 = Debug|Any CPU
		{12BFA685-99C4-4CC2-B58C-9AA15F6DF92B}.Release|Any CPU.ActiveCfg = Release|Any CPU
		{12BFA685-99C4-4CC2-B58C-9AA15F6DF92B}.Release|Any CPU.Build.0 = Release|Any CPU
	EndGlobalSection
	GlobalSection(SolutionProperties) = preSolution
		HideSolutionNode = FALSE
	EndGlobalSection
	GlobalSection(ExtensibilityGlobals) = postSolution
		SolutionGuid = {386EA8E8-7156-498B-9BFA-4243F30F8DC2}
	EndGlobalSection
EndGlobal
